{
    "_readme": [
        "This file locks the dependencies of your project to a known state",
        "Read more about it at https://getcomposer.org/doc/01-basic-usage.md#installing-dependencies",
        "This file is @generated automatically"
    ],
    "content-hash": "60598d0a2014ea246419a609b8ce2956",
    "packages": [
        {
            "name": "benestar/asparagus",
            "version": "0.4.2",
            "source": {
                "type": "git",
                "url": "https://github.com/Benestar/asparagus.git",
                "reference": "6299517dc28ace1e5934a0b09a2ac6d8a2910032"
            },
            "dist": {
                "type": "zip",
                "url": "https://api.github.com/repos/Benestar/asparagus/zipball/6299517dc28ace1e5934a0b09a2ac6d8a2910032",
                "reference": "6299517dc28ace1e5934a0b09a2ac6d8a2910032",
                "shasum": ""
            },
            "require": {
                "php": ">=5.3.0"
            },
            "type": "library",
            "extra": {
                "branch-alias": {
                    "dev-master": "0.4.x-dev"
                }
            },
            "autoload": {
                "psr-4": {
                    "Asparagus\\": "src/"
                }
            },
            "notification-url": "https://packagist.org/downloads/",
            "license": [
                "GNU GPL v2+"
            ],
            "authors": [
                {
                    "name": "Bene*",
                    "email": "benestar.wikimedia@gmail.com"
                }
            ],
            "description": "SPARQL abstraction layer for PHP",
            "homepage": "https://github.com/benestar/Asparagus",
            "keywords": [
                "Abstraction Layer",
                "asparagus",
                "sparql"
            ],
            "support": {
                "issues": "https://github.com/Benestar/asparagus/issues",
                "source": "https://github.com/Benestar/asparagus/tree/master"
            },
            "time": "2016-01-21T17:22:45+00:00"
        },
        {
            "name": "doctrine/cache",
            "version": "2.2.0",
            "source": {
                "type": "git",
                "url": "https://github.com/doctrine/cache.git",
                "reference": "1ca8f21980e770095a31456042471a57bc4c68fb"
            },
            "dist": {
                "type": "zip",
                "url": "https://api.github.com/repos/doctrine/cache/zipball/1ca8f21980e770095a31456042471a57bc4c68fb",
                "reference": "1ca8f21980e770095a31456042471a57bc4c68fb",
                "shasum": ""
            },
            "require": {
                "php": "~7.1 || ^8.0"
            },
            "conflict": {
                "doctrine/common": ">2.2,<2.4"
            },
            "require-dev": {
                "cache/integration-tests": "dev-master",
                "doctrine/coding-standard": "^9",
                "phpunit/phpunit": "^7.5 || ^8.5 || ^9.5",
                "psr/cache": "^1.0 || ^2.0 || ^3.0",
                "symfony/cache": "^4.4 || ^5.4 || ^6",
                "symfony/var-exporter": "^4.4 || ^5.4 || ^6"
            },
            "type": "library",
            "autoload": {
                "psr-4": {
                    "Doctrine\\Common\\Cache\\": "lib/Doctrine/Common/Cache"
                }
            },
            "notification-url": "https://packagist.org/downloads/",
            "license": [
                "MIT"
            ],
            "authors": [
                {
                    "name": "Guilherme Blanco",
                    "email": "guilhermeblanco@gmail.com"
                },
                {
                    "name": "Roman Borschel",
                    "email": "roman@code-factory.org"
                },
                {
                    "name": "Benjamin Eberlei",
                    "email": "kontakt@beberlei.de"
                },
                {
                    "name": "Jonathan Wage",
                    "email": "jonwage@gmail.com"
                },
                {
                    "name": "Johannes Schmitt",
                    "email": "schmittjoh@gmail.com"
                }
            ],
            "description": "PHP Doctrine Cache library is a popular cache implementation that supports many different drivers such as redis, memcache, apc, mongodb and others.",
            "homepage": "https://www.doctrine-project.org/projects/cache.html",
            "keywords": [
                "abstraction",
                "apcu",
                "cache",
                "caching",
                "couchdb",
                "memcached",
                "php",
                "redis",
                "xcache"
            ],
            "support": {
                "issues": "https://github.com/doctrine/cache/issues",
                "source": "https://github.com/doctrine/cache/tree/2.2.0"
            },
            "funding": [
                {
                    "url": "https://www.doctrine-project.org/sponsorship.html",
                    "type": "custom"
                },
                {
                    "url": "https://www.patreon.com/phpdoctrine",
                    "type": "patreon"
                },
                {
                    "url": "https://tidelift.com/funding/github/packagist/doctrine%2Fcache",
                    "type": "tidelift"
                }
            ],
            "time": "2022-05-20T20:07:39+00:00"
        },
        {
            "name": "publishpress/publishpress-instance-protection",
            "version": "v1.0.2",
            "source": {
                "type": "git",
                "url": "https://github.com/publishpress/publishpress-instance-protection.git",
                "reference": "ef1a631a41b723ce2e856f534ff4befbe914e964"
            },
            "dist": {
                "type": "zip",
                "url": "https://api.github.com/repos/publishpress/publishpress-instance-protection/zipball/ef1a631a41b723ce2e856f534ff4befbe914e964",
                "reference": "ef1a631a41b723ce2e856f534ff4befbe914e964",
                "shasum": ""
            },
            "require": {
                "php": ">=5.6.20"
            },
            "type": "library",
            "notification-url": "https://packagist.org/downloads/",
            "license": [
                "GPL-3.0-or-later"
            ],
            "authors": [
                {
                    "name": "PublishPress",
                    "email": "help@publishpress.com"
                }
            ],
            "description": "Library for protecting WordPress plugins to run twice.",
            "homepage": "http://publishpress.com/",
            "keywords": [
                "wordpress plugin"
            ],
            "support": {
                "issues": "https://github.com/publishpress/publishpress-instance-protection/issues",
                "source": "https://github.com/publishpress/publishpress-instance-protection/tree/v1.0.2"
            },
            "time": "2022-06-03T17:41:36+00:00"
        }
    ],
    "packages-dev": [],
    "aliases": [],
    "minimum-stability": "stable",
    "stability-flags": [],
    "prefer-stable": false,
    "prefer-lowest": false,
    "platform": [],
    "platform-dev": [],
    "plugin-api-version": "2.3.0"
}
